<?xml version="1.0" encoding="UTF-8"?>
<Scheme
   LastUpgradeVersion = "1200"
   version = "1.3">
   <BuildAction
      parallelizeBuildables = "YES"
      buildImplicitDependencies = "YES">
      <BuildActionEntries>
         <BuildActionEntry
            buildForTesting = "YES"
            buildForRunning = "YES"
            buildForProfiling = "YES"
            buildForArchiving = "YES"
            buildForAnalyzing = "YES">
            <BuildableReference
               BuildableIdentifier = "primary"
               BlueprintIdentifier = "3E6C0EBE25CEB3ED00BF0D07"
               BuildableName = "Aural.app"
               BlueprintName = "Aural"
               ReferencedContainer = "container:Aural.xcodeproj">
            </BuildableReference>
         </BuildActionEntry>
      </BuildActionEntries>
   </BuildAction>
   <TestAction
      buildConfiguration = "Debug"
      selectedDebuggerIdentifier = "Xcode.DebuggerFoundation.Debugger.LLDB"
      selectedLauncherIdentifier = "Xcode.DebuggerFoundation.Launcher.LLDB"
      shouldUseLaunchSchemeArgsEnv = "YES">
      <Testables>
         <TestableReference
            skipped = "NO"
            testExecutionOrdering = "random">
            <BuildableReference
               BuildableIdentifier = "primary"
               BlueprintIdentifier = "3E90260F268ED91B00C5A1C5"
               BuildableName = "Tests.xctest"
               BlueprintName = "Tests"
               ReferencedContainer = "container:Aural.xcodeproj">
            </BuildableReference>
            <SkippedTests>
               <Test
                  Identifier = "AVAudioExtensionsTests">
               </Test>
               <Test
                  Identifier = "AppStatePersistenceTests">
               </Test>
               <Test
                  Identifier = "AudioDevicePersistenceTests">
               </Test>
               <Test
                  Identifier = "AudioGraphPersistenceTests">
               </Test>
               <Test
                  Identifier = "AudioGraphTestCase">
               </Test>
               <Test
                  Identifier = "AudioUnitPersistenceTests">
               </Test>
               <Test
                  Identifier = "AuralTestCase">
               </Test>
               <Test
                  Identifier = "BookmarksPersistenceTests">
               </Test>
               <Test
                  Identifier = "ColorSchemesPersistenceTests">
               </Test>
               <Test
                  Identifier = "ControlBarPlayerUIPersistenceTests">
               </Test>
               <Test
                  Identifier = "ControlsPreferencesTests">
               </Test>
               <Test
                  Identifier = "DelayUnitPersistenceTests">
               </Test>
               <Test
                  Identifier = "DelayUnitTests">
               </Test>
               <Test
                  Identifier = "EQUnitPersistenceTests">
               </Test>
               <Test
                  Identifier = "EQUnitTests">
               </Test>
               <Test
                  Identifier = "FavoritesPersistenceTests">
               </Test>
               <Test
                  Identifier = "FilterUnitPersistenceTests">
               </Test>
               <Test
                  Identifier = "FilterUnitTests">
               </Test>
               <Test
                  Identifier = "FlatPlaylistTestCase">
               </Test>
               <Test
                  Identifier = "FlatPlaylistTests_AddSizeDuration">
               </Test>
               <Test
                  Identifier = "FlatPlaylistTests_MoveTracksDown">
               </Test>
               <Test
                  Identifier = "FlatPlaylistTests_MoveTracksToBottom">
               </Test>
               <Test
                  Identifier = "FlatPlaylistTests_MoveTracksToTop">
               </Test>
               <Test
                  Identifier = "FlatPlaylistTests_MoveTracksUp">
               </Test>
               <Test
                  Identifier = "FlatPlaylistTests_RemoveTracks">
               </Test>
               <Test
                  Identifier = "FlatPlaylistTests_Search">
               </Test>
               <Test
                  Identifier = "FlatPlaylistTests_TrackAccessByIndex">
               </Test>
               <Test
                  Identifier = "FontSchemesPersistenceTests">
               </Test>
               <Test
                  Identifier = "GesturesControlsPreferencesTests">
               </Test>
               <Test
                  Identifier = "GroupingPlaylistTests">
               </Test>
               <Test
                  Identifier = "HistoryPersistenceTests">
               </Test>
               <Test
                  Identifier = "HistoryPreferencesTests">
               </Test>
               <Test
                  Identifier = "HostedAudioUnitTests">
               </Test>
               <Test
                  Identifier = "MasterUnitPersistenceTests">
               </Test>
               <Test
                  Identifier = "MathUtilsTests">
               </Test>
               <Test
                  Identifier = "MediaKeysControlsPreferencesTests">
               </Test>
               <Test
                  Identifier = "MenuBarPlayerUIPersistenceTests">
               </Test>
               <Test
                  Identifier = "Messenger_AsynchronousNotificationsTests">
               </Test>
               <Test
                  Identifier = "Messenger_AsynchronousNotifications_ArbitraryPayloadTests">
               </Test>
               <Test
                  Identifier = "Messenger_SynchronousNotificationsTests">
               </Test>
               <Test
                  Identifier = "Messenger_SynchronousNotifications_ArbitraryPayloadTests">
               </Test>
               <Test
                  Identifier = "Messenger_UnsubscribeTests">
               </Test>
               <Test
                  Identifier = "MetadataPreferencesTests">
               </Test>
               <Test
                  Identifier = "MusicBrainzCachePersistenceTests">
               </Test>
               <Test
                  Identifier = "MusicBrainzPreferencesTests">
               </Test>
               <Test
                  Identifier = "ParserUtilsTests">
               </Test>
               <Test
                  Identifier = "PersistenceTestCase">
               </Test>
               <Test
                  Identifier = "PitchShiftUnitPersistenceTests">
               </Test>
               <Test
                  Identifier = "PitchShiftUnitTests">
               </Test>
               <Test
                  Identifier = "PlaybackLoopTests">
               </Test>
               <Test
                  Identifier = "PlaybackPreferencesTests">
               </Test>
               <Test
                  Identifier = "PlaybackProfilesPersistenceTests">
               </Test>
               <Test
                  Identifier = "PlaybackSequenceCreationTests">
               </Test>
               <Test
                  Identifier = "PlaybackSequenceIterationTests">
               </Test>
               <Test
                  Identifier = "PlaybackSequencePeekingTests">
               </Test>
               <Test
                  Identifier = "PlaybackSequencePersistenceTests">
               </Test>
               <Test
                  Identifier = "PlaybackSequenceRepeatAndShuffleTests">
               </Test>
               <Test
                  Identifier = "PlaybackSequenceTests">
               </Test>
               <Test
                  Identifier = "PlaybackSessionTests">
               </Test>
               <Test
                  Identifier = "PlayerUIPersistenceTests">
               </Test>
               <Test
                  Identifier = "PlaylistItemArrayTests">
               </Test>
               <Test
                  Identifier = "PlaylistPersistenceTests">
               </Test>
               <Test
                  Identifier = "PlaylistPreferencesTests">
               </Test>
               <Test
                  Identifier = "PlaylistTestCase">
               </Test>
               <Test
                  Identifier = "PlaylistUIPersistenceTests">
               </Test>
               <Test
                  Identifier = "PreferencesTestCase">
               </Test>
               <Test
                  Identifier = "PreferencesTests">
               </Test>
               <Test
                  Identifier = "RemoteControlPreferencesTests">
               </Test>
               <Test
                  Identifier = "ReverbUnitPersistenceTests">
               </Test>
               <Test
                  Identifier = "ReverbUnitTests">
               </Test>
               <Test
                  Identifier = "SequencerBeginAndEndTests">
               </Test>
               <Test
                  Identifier = "SequencerIteration_Group_Tests">
               </Test>
               <Test
                  Identifier = "SequencerIteration_GroupingPlaylists_Tests">
               </Test>
               <Test
                  Identifier = "SequencerIteration_TracksPlaylist_Tests">
               </Test>
               <Test
                  Identifier = "SequencerPeeking_Group_Tests">
               </Test>
               <Test
                  Identifier = "SequencerPeeking_GroupingPlaylists_Tests">
               </Test>
               <Test
                  Identifier = "SequencerPeeking_TracksPlaylist_Tests">
               </Test>
               <Test
                  Identifier = "SequencerPersistenceTests">
               </Test>
               <Test
                  Identifier = "SequencerPlaylistReorderingTests">
               </Test>
               <Test
                  Identifier = "SequencerPlaylistResizingTests">
               </Test>
               <Test
                  Identifier = "SequencerPlaylistTypeChangeTests">
               </Test>
               <Test
                  Identifier = "SequencerRepeatAndShuffleTests">
               </Test>
               <Test
                  Identifier = "SequencerTests">
               </Test>
               <Test
                  Identifier = "SequencerTrackSelectionTests">
               </Test>
               <Test
                  Identifier = "ShuffleSequenceIterationTests">
               </Test>
               <Test
                  Identifier = "ShuffleSequenceTests">
               </Test>
               <Test
                  Identifier = "SoundPreferencesTests">
               </Test>
               <Test
                  Identifier = "SoundProfilesPersistenceTests">
               </Test>
               <Test
                  Identifier = "ThemesPersistenceTests">
               </Test>
               <Test
                  Identifier = "TimeStretchUnitPersistenceTests">
               </Test>
               <Test
                  Identifier = "TimeStretchUnitTests">
               </Test>
               <Test
                  Identifier = "UIPersistenceTests">
               </Test>
               <Test
                  Identifier = "ValueFormatterTests">
               </Test>
               <Test
                  Identifier = "ViewPreferencesTests">
               </Test>
               <Test
                  Identifier = "VisualizerUIPersistenceTests">
               </Test>
               <Test
                  Identifier = "WindowLayoutsPersistenceTests">
               </Test>
               <Test
                  Identifier = "WindowUIPersistenceTests">
               </Test>
            </SkippedTests>
         </TestableReference>
      </Testables>
   </TestAction>
   <LaunchAction
      buildConfiguration = "Debug"
      selectedDebuggerIdentifier = "Xcode.DebuggerFoundation.Debugger.LLDB"
      selectedLauncherIdentifier = "Xcode.DebuggerFoundation.Launcher.LLDB"
      launchStyle = "0"
      useCustomWorkingDirectory = "NO"
      ignoresPersistentStateOnLaunch = "NO"
      debugDocumentVersioning = "YES"
      debugServiceExtension = "internal"
      enableGPUFrameCaptureMode = "3"
      enableGPUValidationMode = "1"
      allowLocationSimulation = "NO"
      GPUProfilerEnabled = "No">
      <BuildableProductRunnable
         runnableDebuggingMode = "0">
         <BuildableReference
            BuildableIdentifier = "primary"
            BlueprintIdentifier = "3E6C0EBE25CEB3ED00BF0D07"
            BuildableName = "Aural.app"
            BlueprintName = "Aural"
            ReferencedContainer = "container:Aural.xcodeproj">
         </BuildableReference>
      </BuildableProductRunnable>
   </LaunchAction>
   <ProfileAction
      buildConfiguration = "Release"
      shouldUseLaunchSchemeArgsEnv = "YES"
      savedToolIdentifier = "Leaks"
      useCustomWorkingDirectory = "NO"
      debugDocumentVersioning = "YES">
      <BuildableProductRunnable
         runnableDebuggingMode = "0">
         <BuildableReference
            BuildableIdentifier = "primary"
            BlueprintIdentifier = "3E6C0EBE25CEB3ED00BF0D07"
            BuildableName = "Aural.app"
            BlueprintName = "Aural"
            ReferencedContainer = "container:Aural.xcodeproj">
         </BuildableReference>
      </BuildableProductRunnable>
   </ProfileAction>
   <AnalyzeAction
      buildConfiguration = "Debug">
   </AnalyzeAction>
   <ArchiveAction
      buildConfiguration = "Release"
      revealArchiveInOrganizer = "YES">
   </ArchiveAction>
</Scheme>
