// !$*UTF8*$!
{
	archiveVersion = 1;
	classes = {
	};
	objectVersion = 46;
	objects = {

/* Begin PBXBuildFile section */
		3E00122A1F26A5100059B2D0 /* SearchQuery.swift in Sources */ = {isa = PBXBuildFile; fileRef = 3E0012291F26A5100059B2D0 /* SearchQuery.swift */; };
		3E047B0E1F01436700ADE0F1 /* ReverbPresets.swift in Sources */ = {isa = PBXBuildFile; fileRef = 3E047B0D1F01436700ADE0F1 /* ReverbPresets.swift */; };
		3E09C6B51F2EE70C007BB489 /* PlaybackSession.swift in Sources */ = {isa = PBXBuildFile; fileRef = 3E09C6B41F2EE70C007BB489 /* PlaybackSession.swift */; };
		3E09C6B71F2F25A7007BB489 /* ShuffleSequence.swift in Sources */ = {isa = PBXBuildFile; fileRef = 3E09C6B61F2F25A7007BB489 /* ShuffleSequence.swift */; };
		3E09C6BB1F2F388B007BB489 /* PlaybackSequence.swift in Sources */ = {isa = PBXBuildFile; fileRef = 3E09C6BA1F2F388B007BB489 /* PlaybackSequence.swift */; };
		3E1CF7ED1F5CBA2500613724 /* AudioGraphProtocols.swift in Sources */ = {isa = PBXBuildFile; fileRef = 3E1CF7EC1F5CBA2500613724 /* AudioGraphProtocols.swift */; };
		3E1CF7EF1F5CBA9300613724 /* PlayerProtocol.swift in Sources */ = {isa = PBXBuildFile; fileRef = 3E1CF7EE1F5CBA9300613724 /* PlayerProtocol.swift */; };
		3E1CF7F11F5CBAA300613724 /* RecorderProtocol.swift in Sources */ = {isa = PBXBuildFile; fileRef = 3E1CF7F01F5CBAA300613724 /* RecorderProtocol.swift */; };
		3E1CF7F31F5CBAD500613724 /* AudioGraph.swift in Sources */ = {isa = PBXBuildFile; fileRef = 3E1CF7F21F5CBAD500613724 /* AudioGraph.swift */; };
		3E1D93521F626BF9008AC59E /* Playlist.swift in Sources */ = {isa = PBXBuildFile; fileRef = 3E1D93511F626BF9008AC59E /* Playlist.swift */; };
		3E2188A61F0767290085BAB3 /* TrackInfoView.swift in Sources */ = {isa = PBXBuildFile; fileRef = 3E2188A51F0767290085BAB3 /* TrackInfoView.swift */; };
		3E2188A81F0771390085BAB3 /* PopoverViewController.swift in Sources */ = {isa = PBXBuildFile; fileRef = 3E2188A71F0771390085BAB3 /* PopoverViewController.swift */; };
		3E2188AC1F0781970085BAB3 /* PopoverViewController.xib in Resources */ = {isa = PBXBuildFile; fileRef = 3E2188AB1F0781970085BAB3 /* PopoverViewController.xib */; };
		3E23D6591F32887E00DBF426 /* RecordingInfo.swift in Sources */ = {isa = PBXBuildFile; fileRef = 3E23D6581F32887E00DBF426 /* RecordingInfo.swift */; };
		3E2BDC4D1F0DE1C00099FDB7 /* BufferManager.swift in Sources */ = {isa = PBXBuildFile; fileRef = 3E2BDC4C1F0DE1C00099FDB7 /* BufferManager.swift */; };
		3E2D9E461F6670E20020B99E /* PopoverViewDelegateProtocol.swift in Sources */ = {isa = PBXBuildFile; fileRef = 3E2D9E451F6670E20020B99E /* PopoverViewDelegateProtocol.swift */; };
		3E33B49E1F3E70F4005EF359 /* FileSystemUtils.swift in Sources */ = {isa = PBXBuildFile; fileRef = 3E33B49D1F3E70F4005EF359 /* FileSystemUtils.swift */; };
		3E33B4A41F3F08B8005EF359 /* Preferences.swift in Sources */ = {isa = PBXBuildFile; fileRef = 3E33B4A31F3F08B8005EF359 /* Preferences.swift */; };
		3E3AD5441F5D230C006123E9 /* WindowViewController.swift in Sources */ = {isa = PBXBuildFile; fileRef = 3E3AD5431F5D230C006123E9 /* WindowViewController.swift */; };
		3E3AD5461F5D2BD1006123E9 /* SyncMessenger.swift in Sources */ = {isa = PBXBuildFile; fileRef = 3E3AD5451F5D2BD1006123E9 /* SyncMessenger.swift */; };
		3E3AD5481F5D2BEC006123E9 /* SyncMessages.swift in Sources */ = {isa = PBXBuildFile; fileRef = 3E3AD5471F5D2BEC006123E9 /* SyncMessages.swift */; };
		3E3AD54A1F5D2FD5006123E9 /* PlaylistViewController.swift in Sources */ = {isa = PBXBuildFile; fileRef = 3E3AD5491F5D2FD5006123E9 /* PlaylistViewController.swift */; };
		3E3BAF241F274771008F090E /* Sort.swift in Sources */ = {isa = PBXBuildFile; fileRef = 3E3BAF231F274771008F090E /* Sort.swift */; };
		3E3C20A61F0A687400AF5A62 /* UIElements.swift in Sources */ = {isa = PBXBuildFile; fileRef = 3E3C20A51F0A687400AF5A62 /* UIElements.swift */; };
		3E3C20A81F0A697800AF5A62 /* AppConstants.swift in Sources */ = {isa = PBXBuildFile; fileRef = 3E3C20A71F0A697800AF5A62 /* AppConstants.swift */; };
		3E3D489B1F464C02004C0F91 /* Errors.swift in Sources */ = {isa = PBXBuildFile; fileRef = 3E3D489A1F464C02004C0F91 /* Errors.swift */; };
		3E3DCD251F0F913800E09ADC /* AsyncMessages.swift in Sources */ = {isa = PBXBuildFile; fileRef = 3E3DCD241F0F913800E09ADC /* AsyncMessages.swift */; };
		3E40A9851F0617BC00A66856 /* ScheduledTaskExecutor.swift in Sources */ = {isa = PBXBuildFile; fileRef = 3E40A9841F0617BC00A66856 /* ScheduledTaskExecutor.swift */; };
		3E426F7E1EFDD9CF002F5F18 /* Player.swift in Sources */ = {isa = PBXBuildFile; fileRef = 3E426F7D1EFDD9CF002F5F18 /* Player.swift */; };
		3E426F801EFDDDEE002F5F18 /* Utils.swift in Sources */ = {isa = PBXBuildFile; fileRef = 3E426F7F1EFDDDEE002F5F18 /* Utils.swift */; };
		3E426F821EFDEEBE002F5F18 /* PlaybackState.swift in Sources */ = {isa = PBXBuildFile; fileRef = 3E426F811EFDEEBE002F5F18 /* PlaybackState.swift */; };
		3E46F55C1F2A7A36007CD384 /* CheckRadioButtonCell.swift in Sources */ = {isa = PBXBuildFile; fileRef = 3E46F55B1F2A7A36007CD384 /* CheckRadioButtonCell.swift */; };
		3E46F55E1F2A8003007CD384 /* ColoredNavigationButtonCell.swift in Sources */ = {isa = PBXBuildFile; fileRef = 3E46F55D1F2A8003007CD384 /* ColoredNavigationButtonCell.swift */; };
		3E46F5601F2A88D1007CD384 /* ModalDialogResponseButtonCell.swift in Sources */ = {isa = PBXBuildFile; fileRef = 3E46F55F1F2A88D1007CD384 /* ModalDialogResponseButtonCell.swift */; };
		3E46F5641F2A918B007CD384 /* ColoredCursorSearchField.swift in Sources */ = {isa = PBXBuildFile; fileRef = 3E46F5631F2A918B007CD384 /* ColoredCursorSearchField.swift */; };
		3E46F5661F2ABA57007CD384 /* PopoverContentView.swift in Sources */ = {isa = PBXBuildFile; fileRef = 3E46F5651F2ABA57007CD384 /* PopoverContentView.swift */; };
		3E4BBA5C1F030E5B0025F371 /* UIConstants.swift in Sources */ = {isa = PBXBuildFile; fileRef = 3E4BBA5B1F030E5B0025F371 /* UIConstants.swift */; };
		3E551B871F10801100354DE2 /* AudioEngineHelper.swift in Sources */ = {isa = PBXBuildFile; fileRef = 3E551B861F10801100354DE2 /* AudioEngineHelper.swift */; };
		3E58CC271F025B0D00C36DC1 /* Colors.swift in Sources */ = {isa = PBXBuildFile; fileRef = 3E58CC261F025B0D00C36DC1 /* Colors.swift */; };
		3E58CC291F02759D00C36DC1 /* Timer.swift in Sources */ = {isa = PBXBuildFile; fileRef = 3E58CC281F02759D00C36DC1 /* Timer.swift */; };
		3E58CC2B1F0275B200C36DC1 /* TimerUtils.swift in Sources */ = {isa = PBXBuildFile; fileRef = 3E58CC2A1F0275B200C36DC1 /* TimerUtils.swift */; };
		3E633C471F14C6530040ECBC /* MultiBandStopFilterNode.swift in Sources */ = {isa = PBXBuildFile; fileRef = 3E633C461F14C6530040ECBC /* MultiBandStopFilterNode.swift */; };
		3E633C491F14C9110040ECBC /* ParametricEQNode.swift in Sources */ = {isa = PBXBuildFile; fileRef = 3E633C481F14C9110040ECBC /* ParametricEQNode.swift */; };
		3E6B56C81F3A8C1E00B03E5C /* SchedulingSession.swift in Sources */ = {isa = PBXBuildFile; fileRef = 3E6B56C71F3A8C1E00B03E5C /* SchedulingSession.swift */; };
		3E6D75F81EFF79E0007F22A3 /* KeyPressHandler.swift in Sources */ = {isa = PBXBuildFile; fileRef = 3E6D75F71EFF79E0007F22A3 /* KeyPressHandler.swift */; };
		3E722F7B1EFCF4EC00916BF2 /* PlaylistTableViewController.swift in Sources */ = {isa = PBXBuildFile; fileRef = 3E722F7A1EFCF4EC00916BF2 /* PlaylistTableViewController.swift */; };
		3E76D9BC1F0F4228007FF3F8 /* AppDefaults.swift in Sources */ = {isa = PBXBuildFile; fileRef = 3E76D9BB1F0F4228007FF3F8 /* AppDefaults.swift */; };
		3E7B61E61F31AB1800F269F0 /* ValueFormatter.swift in Sources */ = {isa = PBXBuildFile; fileRef = 3E7B61E51F31AB1800F269F0 /* ValueFormatter.swift */; };
		3E7C70001F5F45F00035AEF2 /* PlaybackViewController.swift in Sources */ = {isa = PBXBuildFile; fileRef = 3E7C6FFF1F5F45F00035AEF2 /* PlaybackViewController.swift */; };
		3E80E66F1F04FA60007480CC /* Size.swift in Sources */ = {isa = PBXBuildFile; fileRef = 3E80E66E1F04FA60007480CC /* Size.swift */; };
		3E80E6721F04FA7C007480CC /* SizeUnit.swift in Sources */ = {isa = PBXBuildFile; fileRef = 3E80E6711F04FA7C007480CC /* SizeUnit.swift */; };
		3E822B381F21DCF20006CDBC /* RecordingFormat.swift in Sources */ = {isa = PBXBuildFile; fileRef = 3E822B371F21DCF20006CDBC /* RecordingFormat.swift */; };
		3E84F83F1F5FBB260010BCDA /* PlaybackDelegateProtocol.swift in Sources */ = {isa = PBXBuildFile; fileRef = 3E84F83E1F5FBB260010BCDA /* PlaybackDelegateProtocol.swift */; };
		3E84F8411F5FBE8F0010BCDA /* PlaylistAccessorDelegate.swift in Sources */ = {isa = PBXBuildFile; fileRef = 3E84F8401F5FBE8F0010BCDA /* PlaylistAccessorDelegate.swift */; };
		3E84F8461F5FC0CD0010BCDA /* PlaylistMutatorDelegateProtocol.swift in Sources */ = {isa = PBXBuildFile; fileRef = 3E84F8451F5FC0CD0010BCDA /* PlaylistMutatorDelegateProtocol.swift */; };
		3E84F8481F5FC58D0010BCDA /* PlaybackDelegate.swift in Sources */ = {isa = PBXBuildFile; fileRef = 3E84F8471F5FC58D0010BCDA /* PlaybackDelegate.swift */; };
		3E85F25A1EFA78D6007BE830 /* AppDelegate.swift in Sources */ = {isa = PBXBuildFile; fileRef = 3E85F2591EFA78D6007BE830 /* AppDelegate.swift */; };
		3E85F25C1EFA78D6007BE830 /* Assets.xcassets in Resources */ = {isa = PBXBuildFile; fileRef = 3E85F25B1EFA78D6007BE830 /* Assets.xcassets */; };
		3E85F25F1EFA78D6007BE830 /* MainMenu.xib in Resources */ = {isa = PBXBuildFile; fileRef = 3E85F25D1EFA78D6007BE830 /* MainMenu.xib */; };
		3E85FF9F1F40DE3F00A21B0D /* AutoplayPreferences.swift in Sources */ = {isa = PBXBuildFile; fileRef = 3E85FF9E1F40DE3F00A21B0D /* AutoplayPreferences.swift */; };
		3E864ADB1F25C81B006A7626 /* PlaylistDelegateProtocol.swift in Sources */ = {isa = PBXBuildFile; fileRef = 3E864ADA1F25C81B006A7626 /* PlaylistDelegateProtocol.swift */; };
		3E864ADD1F25E289006A7626 /* SearchResults.swift in Sources */ = {isa = PBXBuildFile; fileRef = 3E864ADC1F25E289006A7626 /* SearchResults.swift */; };
		3E911CEF1F441BE1009C1572 /* UIAppState.swift in Sources */ = {isa = PBXBuildFile; fileRef = 3E911CEE1F441BE1009C1572 /* UIAppState.swift */; };
		3E9212B91F5D3DD300D058FD /* PlaylistSearchViewController.swift in Sources */ = {isa = PBXBuildFile; fileRef = 3E9212B81F5D3DD300D058FD /* PlaylistSearchViewController.swift */; };
		3E9212BB1F5D404F00D058FD /* PlaylistSortViewController.swift in Sources */ = {isa = PBXBuildFile; fileRef = 3E9212BA1F5D404F00D058FD /* PlaylistSortViewController.swift */; };
		3E9463971F29960F00A9019C /* EffectsUnitButtonCell.swift in Sources */ = {isa = PBXBuildFile; fileRef = 3E9463961F29960F00A9019C /* EffectsUnitButtonCell.swift */; };
		3E97967D1F00286200690DA2 /* Track.swift in Sources */ = {isa = PBXBuildFile; fileRef = 3E97967C1F00286200690DA2 /* Track.swift */; };
		3E9796811F00BA3000690DA2 /* RepeatMode.swift in Sources */ = {isa = PBXBuildFile; fileRef = 3E9796801F00BA3000690DA2 /* RepeatMode.swift */; };
		3E9796831F00BA5A00690DA2 /* ShuffleMode.swift in Sources */ = {isa = PBXBuildFile; fileRef = 3E9796821F00BA5A00690DA2 /* ShuffleMode.swift */; };
		3E9847821F5CF23D001A2D28 /* HelpViewController.swift in Sources */ = {isa = PBXBuildFile; fileRef = 3E9847811F5CF23D001A2D28 /* HelpViewController.swift */; };
		3E9847841F5CF3F6001A2D28 /* PreferencesViewController.swift in Sources */ = {isa = PBXBuildFile; fileRef = 3E9847831F5CF3F6001A2D28 /* PreferencesViewController.swift */; };
		3E9847861F5CFCE3001A2D28 /* RecorderViewController.swift in Sources */ = {isa = PBXBuildFile; fileRef = 3E9847851F5CFCE3001A2D28 /* RecorderViewController.swift */; };
		3E9847891F5CFD62001A2D28 /* RecorderDelegate.swift in Sources */ = {isa = PBXBuildFile; fileRef = 3E9847881F5CFD62001A2D28 /* RecorderDelegate.swift */; };
		3E98478B1F5CFD87001A2D28 /* RecorderDelegateProtocol.swift in Sources */ = {isa = PBXBuildFile; fileRef = 3E98478A1F5CFD87001A2D28 /* RecorderDelegateProtocol.swift */; };
		3E98478D1F5D0419001A2D28 /* AudioGraphViewController.swift in Sources */ = {isa = PBXBuildFile; fileRef = 3E98478C1F5D0419001A2D28 /* AudioGraphViewController.swift */; };
		3E98478F1F5D04E7001A2D28 /* AudioGraphDelegateProtocol.swift in Sources */ = {isa = PBXBuildFile; fileRef = 3E98478E1F5D04E7001A2D28 /* AudioGraphDelegateProtocol.swift */; };
		3E9847911F5D0512001A2D28 /* AudioGraphDelegate.swift in Sources */ = {isa = PBXBuildFile; fileRef = 3E9847901F5D0512001A2D28 /* AudioGraphDelegate.swift */; };
		3E9871A21F418CB1009AE9E6 /* UIUtils.swift in Sources */ = {isa = PBXBuildFile; fileRef = 3E9871A11F418CB1009AE9E6 /* UIUtils.swift */; };
		3E9A575E1F21F778007546A2 /* Recorder.swift in Sources */ = {isa = PBXBuildFile; fileRef = 3E9A575D1F21F778007546A2 /* Recorder.swift */; };
		3EA074AC1F3DBBB0005F8966 /* SavedPlaylist.swift in Sources */ = {isa = PBXBuildFile; fileRef = 3EA074AB1F3DBBB0005F8966 /* SavedPlaylist.swift */; };
		3EA29AD51F0B470600DA239E /* AsyncMessenger.swift in Sources */ = {isa = PBXBuildFile; fileRef = 3EA29AD41F0B470600DA239E /* AsyncMessenger.swift */; };
		3EA5C7A31F458EB400556669 /* UserGuide.pdf in Resources */ = {isa = PBXBuildFile; fileRef = 3EA5C7A21F458EB400556669 /* UserGuide.pdf */; };
		3EACF1551F19B8F800E62D33 /* CollapsibleView.swift in Sources */ = {isa = PBXBuildFile; fileRef = 3EACF1541F19B8F800E62D33 /* CollapsibleView.swift */; };
		3EB20B491EFF230C008138A4 /* AppStateIO.swift in Sources */ = {isa = PBXBuildFile; fileRef = 3EB20B481EFF230C008138A4 /* AppStateIO.swift */; };
		3EB20B4B1EFF25EC008138A4 /* AppState.swift in Sources */ = {isa = PBXBuildFile; fileRef = 3EB20B4A1EFF25EC008138A4 /* AppState.swift */; };
		3EB2A7E41F0436D5001DF748 /* EQSliderCell.swift in Sources */ = {isa = PBXBuildFile; fileRef = 3EB2A7E31F0436D5001DF748 /* EQSliderCell.swift */; };
		3EB2A7E61F043989001DF748 /* HorizontalSliderCells.swift in Sources */ = {isa = PBXBuildFile; fileRef = 3EB2A7E51F043989001DF748 /* HorizontalSliderCells.swift */; };
		3EB2A7E81F043BBE001DF748 /* TickedSliderCells.swift in Sources */ = {isa = PBXBuildFile; fileRef = 3EB2A7E71F043BBE001DF748 /* TickedSliderCells.swift */; };
		3EB2A7EA1F04424E001DF748 /* ItemDisplayingPopupMenuCell.swift in Sources */ = {isa = PBXBuildFile; fileRef = 3EB2A7E91F04424E001DF748 /* ItemDisplayingPopupMenuCell.swift */; };
		3EB2A7EC1F04508B001DF748 /* EQPopupMenuCell.swift in Sources */ = {isa = PBXBuildFile; fileRef = 3EB2A7EB1F04508B001DF748 /* EQPopupMenuCell.swift */; };
		3EB2A7EE1F04697E001DF748 /* GraphicsUtils.swift in Sources */ = {isa = PBXBuildFile; fileRef = 3EB2A7ED1F04697E001DF748 /* GraphicsUtils.swift */; };
		3EC593981F28A0C600153D34 /* RangeSlider.swift in Sources */ = {isa = PBXBuildFile; fileRef = 3EC593971F28A0C600153D34 /* RangeSlider.swift */; };
		3EC947AD1F5DDEA400FDBE25 /* PlaybackSequenceProtocol.swift in Sources */ = {isa = PBXBuildFile; fileRef = 3EC947AC1F5DDEA400FDBE25 /* PlaybackSequenceProtocol.swift */; };
		3EC947AF1F5DDEB100FDBE25 /* PlaylistProtocols.swift in Sources */ = {isa = PBXBuildFile; fileRef = 3EC947AE1F5DDEB100FDBE25 /* PlaylistProtocols.swift */; };
		3EC947B11F5DDECC00FDBE25 /* PlaylistAccessorDelegateProtocol.swift in Sources */ = {isa = PBXBuildFile; fileRef = 3EC947B01F5DDECC00FDBE25 /* PlaylistAccessorDelegateProtocol.swift */; };
		3ECCEE651F41158000858331 /* PrefsTabButtonCell.swift in Sources */ = {isa = PBXBuildFile; fileRef = 3ECCEE641F41158000858331 /* PrefsTabButtonCell.swift */; };
		3ECFE5531F5FD8F100D96BE2 /* PlaylistMutatorDelegate.swift in Sources */ = {isa = PBXBuildFile; fileRef = 3ECFE5521F5FD8F100D96BE2 /* PlaylistMutatorDelegate.swift */; };
		3ED5264F1F2FA27200001A97 /* PlaylistChangeListener.swift in Sources */ = {isa = PBXBuildFile; fileRef = 3ED5264E1F2FA27200001A97 /* PlaylistChangeListener.swift */; };
		3ED526511F3003A800001A97 /* ObjectGraph.swift in Sources */ = {isa = PBXBuildFile; fileRef = 3ED526501F3003A800001A97 /* ObjectGraph.swift */; };
		3EEACA061F5E8615003A2140 /* NowPlayingViewController.swift in Sources */ = {isa = PBXBuildFile; fileRef = 3EEACA051F5E8615003A2140 /* NowPlayingViewController.swift */; };
		3EF5A54E1F40388E00C5A2D2 /* PreferencesPopupMenuCell.swift in Sources */ = {isa = PBXBuildFile; fileRef = 3EF5A54D1F40388E00C5A2D2 /* PreferencesPopupMenuCell.swift */; };
		3EF5A5501F403D2500C5A2D2 /* StartupPreferences.swift in Sources */ = {isa = PBXBuildFile; fileRef = 3EF5A54F1F403D2500C5A2D2 /* StartupPreferences.swift */; };
		3EFC506B1F607B530032BE21 /* PlaylistDelegate.swift in Sources */ = {isa = PBXBuildFile; fileRef = 3EFC506A1F607B530032BE21 /* PlaylistDelegate.swift */; };
		3EFC506D1F607D4A0032BE21 /* PlaybackInfoDelegateProtocol.swift in Sources */ = {isa = PBXBuildFile; fileRef = 3EFC506C1F607D4A0032BE21 /* PlaybackInfoDelegateProtocol.swift */; };
		3EFFE6B91F036E81003728BD /* PlaylistIO.swift in Sources */ = {isa = PBXBuildFile; fileRef = 3EFFE6B81F036E81003728BD /* PlaylistIO.swift */; };
		3EFFE6BB1F0372B3003728BD /* TrackIO.swift in Sources */ = {isa = PBXBuildFile; fileRef = 3EFFE6BA1F0372B3003728BD /* TrackIO.swift */; };
		3EFFE6BE1F0381FA003728BD /* EQPresets.swift in Sources */ = {isa = PBXBuildFile; fileRef = 3EFFE6BD1F0381FA003728BD /* EQPresets.swift */; };
/* End PBXBuildFile section */

/* Begin PBXFileReference section */
		3E0012291F26A5100059B2D0 /* SearchQuery.swift */ = {isa = PBXFileReference; fileEncoding = 4; lastKnownFileType = sourcecode.swift; path = SearchQuery.swift; sourceTree = "<group>"; };
		3E047B0D1F01436700ADE0F1 /* ReverbPresets.swift */ = {isa = PBXFileReference; fileEncoding = 4; lastKnownFileType = sourcecode.swift; path = ReverbPresets.swift; sourceTree = "<group>"; };
		3E09C6B41F2EE70C007BB489 /* PlaybackSession.swift */ = {isa = PBXFileReference; fileEncoding = 4; lastKnownFileType = sourcecode.swift; path = PlaybackSession.swift; sourceTree = "<group>"; };
		3E09C6B61F2F25A7007BB489 /* ShuffleSequence.swift */ = {isa = PBXFileReference; fileEncoding = 4; lastKnownFileType = sourcecode.swift; path = ShuffleSequence.swift; sourceTree = "<group>"; };
		3E09C6BA1F2F388B007BB489 /* PlaybackSequence.swift */ = {isa = PBXFileReference; fileEncoding = 4; lastKnownFileType = sourcecode.swift; path = PlaybackSequence.swift; sourceTree = "<group>"; };
		3E1CF7EC1F5CBA2500613724 /* AudioGraphProtocols.swift */ = {isa = PBXFileReference; fileEncoding = 4; lastKnownFileType = sourcecode.swift; path = AudioGraphProtocols.swift; sourceTree = "<group>"; };
		3E1CF7EE1F5CBA9300613724 /* PlayerProtocol.swift */ = {isa = PBXFileReference; fileEncoding = 4; lastKnownFileType = sourcecode.swift; path = PlayerProtocol.swift; sourceTree = "<group>"; };
		3E1CF7F01F5CBAA300613724 /* RecorderProtocol.swift */ = {isa = PBXFileReference; fileEncoding = 4; lastKnownFileType = sourcecode.swift; path = RecorderProtocol.swift; sourceTree = "<group>"; };
		3E1CF7F21F5CBAD500613724 /* AudioGraph.swift */ = {isa = PBXFileReference; fileEncoding = 4; lastKnownFileType = sourcecode.swift; path = AudioGraph.swift; sourceTree = "<group>"; };
		3E1D93511F626BF9008AC59E /* Playlist.swift */ = {isa = PBXFileReference; fileEncoding = 4; lastKnownFileType = sourcecode.swift; path = Playlist.swift; sourceTree = "<group>"; };
		3E2188A51F0767290085BAB3 /* TrackInfoView.swift */ = {isa = PBXFileReference; fileEncoding = 4; lastKnownFileType = sourcecode.swift; path = TrackInfoView.swift; sourceTree = "<group>"; };
		3E2188A71F0771390085BAB3 /* PopoverViewController.swift */ = {isa = PBXFileReference; fileEncoding = 4; lastKnownFileType = sourcecode.swift; path = PopoverViewController.swift; sourceTree = "<group>"; };
		3E2188AB1F0781970085BAB3 /* PopoverViewController.xib */ = {isa = PBXFileReference; fileEncoding = 4; lastKnownFileType = file.xib; path = PopoverViewController.xib; sourceTree = "<group>"; };
		3E23D6581F32887E00DBF426 /* RecordingInfo.swift */ = {isa = PBXFileReference; fileEncoding = 4; lastKnownFileType = sourcecode.swift; path = RecordingInfo.swift; sourceTree = "<group>"; };
		3E2BDC4C1F0DE1C00099FDB7 /* BufferManager.swift */ = {isa = PBXFileReference; fileEncoding = 4; lastKnownFileType = sourcecode.swift; path = BufferManager.swift; sourceTree = "<group>"; };
		3E2D9E451F6670E20020B99E /* PopoverViewDelegateProtocol.swift */ = {isa = PBXFileReference; fileEncoding = 4; lastKnownFileType = sourcecode.swift; path = PopoverViewDelegateProtocol.swift; sourceTree = "<group>"; };
		3E33B49D1F3E70F4005EF359 /* FileSystemUtils.swift */ = {isa = PBXFileReference; fileEncoding = 4; lastKnownFileType = sourcecode.swift; path = FileSystemUtils.swift; sourceTree = "<group>"; };
		3E33B4A31F3F08B8005EF359 /* Preferences.swift */ = {isa = PBXFileReference; fileEncoding = 4; lastKnownFileType = sourcecode.swift; path = Preferences.swift; sourceTree = "<group>"; };
		3E3AD5431F5D230C006123E9 /* WindowViewController.swift */ = {isa = PBXFileReference; fileEncoding = 4; lastKnownFileType = sourcecode.swift; path = WindowViewController.swift; sourceTree = "<group>"; };
		3E3AD5451F5D2BD1006123E9 /* SyncMessenger.swift */ = {isa = PBXFileReference; fileEncoding = 4; lastKnownFileType = sourcecode.swift; path = SyncMessenger.swift; sourceTree = "<group>"; };
		3E3AD5471F5D2BEC006123E9 /* SyncMessages.swift */ = {isa = PBXFileReference; fileEncoding = 4; lastKnownFileType = sourcecode.swift; path = SyncMessages.swift; sourceTree = "<group>"; };
		3E3AD5491F5D2FD5006123E9 /* PlaylistViewController.swift */ = {isa = PBXFileReference; fileEncoding = 4; lastKnownFileType = sourcecode.swift; path = PlaylistViewController.swift; sourceTree = "<group>"; };
		3E3BAF231F274771008F090E /* Sort.swift */ = {isa = PBXFileReference; fileEncoding = 4; lastKnownFileType = sourcecode.swift; path = Sort.swift; sourceTree = "<group>"; };
		3E3C20A51F0A687400AF5A62 /* UIElements.swift */ = {isa = PBXFileReference; fileEncoding = 4; lastKnownFileType = sourcecode.swift; path = UIElements.swift; sourceTree = "<group>"; };
		3E3C20A71F0A697800AF5A62 /* AppConstants.swift */ = {isa = PBXFileReference; fileEncoding = 4; lastKnownFileType = sourcecode.swift; path = AppConstants.swift; sourceTree = "<group>"; };
		3E3D489A1F464C02004C0F91 /* Errors.swift */ = {isa = PBXFileReference; fileEncoding = 4; lastKnownFileType = sourcecode.swift; path = Errors.swift; sourceTree = "<group>"; };
		3E3DCD241F0F913800E09ADC /* AsyncMessages.swift */ = {isa = PBXFileReference; fileEncoding = 4; lastKnownFileType = sourcecode.swift; path = AsyncMessages.swift; sourceTree = "<group>"; };
		3E40A9841F0617BC00A66856 /* ScheduledTaskExecutor.swift */ = {isa = PBXFileReference; fileEncoding = 4; lastKnownFileType = sourcecode.swift; path = ScheduledTaskExecutor.swift; sourceTree = "<group>"; };
		3E426F7D1EFDD9CF002F5F18 /* Player.swift */ = {isa = PBXFileReference; fileEncoding = 4; lastKnownFileType = sourcecode.swift; path = Player.swift; sourceTree = "<group>"; };
		3E426F7F1EFDDDEE002F5F18 /* Utils.swift */ = {isa = PBXFileReference; fileEncoding = 4; lastKnownFileType = sourcecode.swift; path = Utils.swift; sourceTree = "<group>"; };
		3E426F811EFDEEBE002F5F18 /* PlaybackState.swift */ = {isa = PBXFileReference; fileEncoding = 4; lastKnownFileType = sourcecode.swift; path = PlaybackState.swift; sourceTree = "<group>"; };
		3E46F55B1F2A7A36007CD384 /* CheckRadioButtonCell.swift */ = {isa = PBXFileReference; fileEncoding = 4; lastKnownFileType = sourcecode.swift; path = CheckRadioButtonCell.swift; sourceTree = "<group>"; };
		3E46F55D1F2A8003007CD384 /* ColoredNavigationButtonCell.swift */ = {isa = PBXFileReference; fileEncoding = 4; lastKnownFileType = sourcecode.swift; path = ColoredNavigationButtonCell.swift; sourceTree = "<group>"; };
		3E46F55F1F2A88D1007CD384 /* ModalDialogResponseButtonCell.swift */ = {isa = PBXFileReference; fileEncoding = 4; lastKnownFileType = sourcecode.swift; path = ModalDialogResponseButtonCell.swift; sourceTree = "<group>"; };
		3E46F5631F2A918B007CD384 /* ColoredCursorSearchField.swift */ = {isa = PBXFileReference; fileEncoding = 4; lastKnownFileType = sourcecode.swift; path = ColoredCursorSearchField.swift; sourceTree = "<group>"; };
		3E46F5651F2ABA57007CD384 /* PopoverContentView.swift */ = {isa = PBXFileReference; fileEncoding = 4; lastKnownFileType = sourcecode.swift; path = PopoverContentView.swift; sourceTree = "<group>"; };
		3E4BBA5B1F030E5B0025F371 /* UIConstants.swift */ = {isa = PBXFileReference; fileEncoding = 4; lastKnownFileType = sourcecode.swift; path = UIConstants.swift; sourceTree = "<group>"; };
		3E551B861F10801100354DE2 /* AudioEngineHelper.swift */ = {isa = PBXFileReference; fileEncoding = 4; lastKnownFileType = sourcecode.swift; path = AudioEngineHelper.swift; sourceTree = "<group>"; };
		3E58CC261F025B0D00C36DC1 /* Colors.swift */ = {isa = PBXFileReference; fileEncoding = 4; lastKnownFileType = sourcecode.swift; path = Colors.swift; sourceTree = "<group>"; };
		3E58CC281F02759D00C36DC1 /* Timer.swift */ = {isa = PBXFileReference; fileEncoding = 4; lastKnownFileType = sourcecode.swift; path = Timer.swift; sourceTree = "<group>"; };
		3E58CC2A1F0275B200C36DC1 /* TimerUtils.swift */ = {isa = PBXFileReference; fileEncoding = 4; lastKnownFileType = sourcecode.swift; path = TimerUtils.swift; sourceTree = "<group>"; };
		3E633C461F14C6530040ECBC /* MultiBandStopFilterNode.swift */ = {isa = PBXFileReference; fileEncoding = 4; lastKnownFileType = sourcecode.swift; path = MultiBandStopFilterNode.swift; sourceTree = "<group>"; };
		3E633C481F14C9110040ECBC /* ParametricEQNode.swift */ = {isa = PBXFileReference; fileEncoding = 4; lastKnownFileType = sourcecode.swift; path = ParametricEQNode.swift; sourceTree = "<group>"; };
		3E6B56C71F3A8C1E00B03E5C /* SchedulingSession.swift */ = {isa = PBXFileReference; fileEncoding = 4; lastKnownFileType = sourcecode.swift; path = SchedulingSession.swift; sourceTree = "<group>"; };
		3E6D75F71EFF79E0007F22A3 /* KeyPressHandler.swift */ = {isa = PBXFileReference; fileEncoding = 4; lastKnownFileType = sourcecode.swift; path = KeyPressHandler.swift; sourceTree = "<group>"; };
		3E722F7A1EFCF4EC00916BF2 /* PlaylistTableViewController.swift */ = {isa = PBXFileReference; fileEncoding = 4; lastKnownFileType = sourcecode.swift; path = PlaylistTableViewController.swift; sourceTree = "<group>"; };
		3E72FCC51F2C0A780020FD20 /* Developer-readme.rtf */ = {isa = PBXFileReference; fileEncoding = 4; lastKnownFileType = text.rtf; path = "Developer-readme.rtf"; sourceTree = "<group>"; };
		3E72FCC61F2C0A780020FD20 /* Developer-TODOs.rtf */ = {isa = PBXFileReference; fileEncoding = 4; lastKnownFileType = text.rtf; path = "Developer-TODOs.rtf"; sourceTree = "<group>"; };
		3E76D9BB1F0F4228007FF3F8 /* AppDefaults.swift */ = {isa = PBXFileReference; fileEncoding = 4; lastKnownFileType = sourcecode.swift; path = AppDefaults.swift; sourceTree = "<group>"; };
		3E7B61E51F31AB1800F269F0 /* ValueFormatter.swift */ = {isa = PBXFileReference; fileEncoding = 4; lastKnownFileType = sourcecode.swift; path = ValueFormatter.swift; sourceTree = "<group>"; };
		3E7C6FFF1F5F45F00035AEF2 /* PlaybackViewController.swift */ = {isa = PBXFileReference; fileEncoding = 4; lastKnownFileType = sourcecode.swift; path = PlaybackViewController.swift; sourceTree = "<group>"; };
		3E80E66E1F04FA60007480CC /* Size.swift */ = {isa = PBXFileReference; fileEncoding = 4; lastKnownFileType = sourcecode.swift; path = Size.swift; sourceTree = "<group>"; };
		3E80E6711F04FA7C007480CC /* SizeUnit.swift */ = {isa = PBXFileReference; fileEncoding = 4; lastKnownFileType = sourcecode.swift; path = SizeUnit.swift; sourceTree = "<group>"; };
		3E822B371F21DCF20006CDBC /* RecordingFormat.swift */ = {isa = PBXFileReference; fileEncoding = 4; lastKnownFileType = sourcecode.swift; path = RecordingFormat.swift; sourceTree = "<group>"; };
		3E84F83E1F5FBB260010BCDA /* PlaybackDelegateProtocol.swift */ = {isa = PBXFileReference; fileEncoding = 4; lastKnownFileType = sourcecode.swift; path = PlaybackDelegateProtocol.swift; sourceTree = "<group>"; };
		3E84F8401F5FBE8F0010BCDA /* PlaylistAccessorDelegate.swift */ = {isa = PBXFileReference; fileEncoding = 4; lastKnownFileType = sourcecode.swift; path = PlaylistAccessorDelegate.swift; sourceTree = "<group>"; };
		3E84F8451F5FC0CD0010BCDA /* PlaylistMutatorDelegateProtocol.swift */ = {isa = PBXFileReference; fileEncoding = 4; lastKnownFileType = sourcecode.swift; path = PlaylistMutatorDelegateProtocol.swift; sourceTree = "<group>"; };
		3E84F8471F5FC58D0010BCDA /* PlaybackDelegate.swift */ = {isa = PBXFileReference; fileEncoding = 4; lastKnownFileType = sourcecode.swift; path = PlaybackDelegate.swift; sourceTree = "<group>"; };
		3E85F2561EFA78D6007BE830 /* Aural.app */ = {isa = PBXFileReference; explicitFileType = wrapper.application; includeInIndex = 0; path = Aural.app; sourceTree = BUILT_PRODUCTS_DIR; };
		3E85F2591EFA78D6007BE830 /* AppDelegate.swift */ = {isa = PBXFileReference; lastKnownFileType = sourcecode.swift; path = AppDelegate.swift; sourceTree = "<group>"; };
		3E85F25B1EFA78D6007BE830 /* Assets.xcassets */ = {isa = PBXFileReference; lastKnownFileType = folder.assetcatalog; path = Assets.xcassets; sourceTree = "<group>"; };
		3E85F25E1EFA78D6007BE830 /* Base */ = {isa = PBXFileReference; lastKnownFileType = file.xib; name = Base; path = "Base.lproj/\U001bMainMenu.xib"; sourceTree = "<group>"; };
		3E85F2601EFA78D6007BE830 /* Info.plist */ = {isa = PBXFileReference; lastKnownFileType = text.plist.xml; path = Info.plist; sourceTree = "<group>"; };
		3E85FF9E1F40DE3F00A21B0D /* AutoplayPreferences.swift */ = {isa = PBXFileReference; fileEncoding = 4; lastKnownFileType = sourcecode.swift; path = AutoplayPreferences.swift; sourceTree = "<group>"; };
		3E864ADA1F25C81B006A7626 /* PlaylistDelegateProtocol.swift */ = {isa = PBXFileReference; fileEncoding = 4; lastKnownFileType = sourcecode.swift; path = PlaylistDelegateProtocol.swift; sourceTree = "<group>"; };
		3E864ADC1F25E289006A7626 /* SearchResults.swift */ = {isa = PBXFileReference; fileEncoding = 4; lastKnownFileType = sourcecode.swift; path = SearchResults.swift; sourceTree = "<group>"; };
		3E911CEE1F441BE1009C1572 /* UIAppState.swift */ = {isa = PBXFileReference; fileEncoding = 4; lastKnownFileType = sourcecode.swift; path = UIAppState.swift; sourceTree = "<group>"; };
		3E9212B81F5D3DD300D058FD /* PlaylistSearchViewController.swift */ = {isa = PBXFileReference; fileEncoding = 4; lastKnownFileType = sourcecode.swift; path = PlaylistSearchViewController.swift; sourceTree = "<group>"; };
		3E9212BA1F5D404F00D058FD /* PlaylistSortViewController.swift */ = {isa = PBXFileReference; fileEncoding = 4; lastKnownFileType = sourcecode.swift; path = PlaylistSortViewController.swift; sourceTree = "<group>"; };
		3E9463961F29960F00A9019C /* EffectsUnitButtonCell.swift */ = {isa = PBXFileReference; fileEncoding = 4; lastKnownFileType = sourcecode.swift; path = EffectsUnitButtonCell.swift; sourceTree = "<group>"; };
		3E97967C1F00286200690DA2 /* Track.swift */ = {isa = PBXFileReference; fileEncoding = 4; lastKnownFileType = sourcecode.swift; path = Track.swift; sourceTree = "<group>"; };
		3E9796801F00BA3000690DA2 /* RepeatMode.swift */ = {isa = PBXFileReference; fileEncoding = 4; lastKnownFileType = sourcecode.swift; path = RepeatMode.swift; sourceTree = "<group>"; };
		3E9796821F00BA5A00690DA2 /* ShuffleMode.swift */ = {isa = PBXFileReference; fileEncoding = 4; lastKnownFileType = sourcecode.swift; path = ShuffleMode.swift; sourceTree = "<group>"; };
		3E9847811F5CF23D001A2D28 /* HelpViewController.swift */ = {isa = PBXFileReference; fileEncoding = 4; lastKnownFileType = sourcecode.swift; path = HelpViewController.swift; sourceTree = "<group>"; };
		3E9847831F5CF3F6001A2D28 /* PreferencesViewController.swift */ = {isa = PBXFileReference; fileEncoding = 4; lastKnownFileType = sourcecode.swift; path = PreferencesViewController.swift; sourceTree = "<group>"; };
		3E9847851F5CFCE3001A2D28 /* RecorderViewController.swift */ = {isa = PBXFileReference; fileEncoding = 4; lastKnownFileType = sourcecode.swift; path = RecorderViewController.swift; sourceTree = "<group>"; };
		3E9847881F5CFD62001A2D28 /* RecorderDelegate.swift */ = {isa = PBXFileReference; fileEncoding = 4; lastKnownFileType = sourcecode.swift; path = RecorderDelegate.swift; sourceTree = "<group>"; };
		3E98478A1F5CFD87001A2D28 /* RecorderDelegateProtocol.swift */ = {isa = PBXFileReference; fileEncoding = 4; lastKnownFileType = sourcecode.swift; path = RecorderDelegateProtocol.swift; sourceTree = "<group>"; };
		3E98478C1F5D0419001A2D28 /* AudioGraphViewController.swift */ = {isa = PBXFileReference; fileEncoding = 4; lastKnownFileType = sourcecode.swift; path = AudioGraphViewController.swift; sourceTree = "<group>"; };
		3E98478E1F5D04E7001A2D28 /* AudioGraphDelegateProtocol.swift */ = {isa = PBXFileReference; fileEncoding = 4; lastKnownFileType = sourcecode.swift; path = AudioGraphDelegateProtocol.swift; sourceTree = "<group>"; };
		3E9847901F5D0512001A2D28 /* AudioGraphDelegate.swift */ = {isa = PBXFileReference; fileEncoding = 4; lastKnownFileType = sourcecode.swift; path = AudioGraphDelegate.swift; sourceTree = "<group>"; };
		3E9871A11F418CB1009AE9E6 /* UIUtils.swift */ = {isa = PBXFileReference; fileEncoding = 4; lastKnownFileType = sourcecode.swift; path = UIUtils.swift; sourceTree = "<group>"; };
		3E9A575D1F21F778007546A2 /* Recorder.swift */ = {isa = PBXFileReference; fileEncoding = 4; lastKnownFileType = sourcecode.swift; path = Recorder.swift; sourceTree = "<group>"; };
		3EA074AB1F3DBBB0005F8966 /* SavedPlaylist.swift */ = {isa = PBXFileReference; fileEncoding = 4; lastKnownFileType = sourcecode.swift; path = SavedPlaylist.swift; sourceTree = "<group>"; };
		3EA29AD41F0B470600DA239E /* AsyncMessenger.swift */ = {isa = PBXFileReference; fileEncoding = 4; lastKnownFileType = sourcecode.swift; path = AsyncMessenger.swift; sourceTree = "<group>"; };
		3EA5C7A21F458EB400556669 /* UserGuide.pdf */ = {isa = PBXFileReference; lastKnownFileType = image.pdf; path = UserGuide.pdf; sourceTree = "<group>"; };
		3EACF1541F19B8F800E62D33 /* CollapsibleView.swift */ = {isa = PBXFileReference; fileEncoding = 4; lastKnownFileType = sourcecode.swift; path = CollapsibleView.swift; sourceTree = "<group>"; };
		3EB20B481EFF230C008138A4 /* AppStateIO.swift */ = {isa = PBXFileReference; fileEncoding = 4; lastKnownFileType = sourcecode.swift; path = AppStateIO.swift; sourceTree = "<group>"; };
		3EB20B4A1EFF25EC008138A4 /* AppState.swift */ = {isa = PBXFileReference; fileEncoding = 4; lastKnownFileType = sourcecode.swift; path = AppState.swift; sourceTree = "<group>"; };
		3EB2A7E31F0436D5001DF748 /* EQSliderCell.swift */ = {isa = PBXFileReference; fileEncoding = 4; lastKnownFileType = sourcecode.swift; path = EQSliderCell.swift; sourceTree = "<group>"; };
		3EB2A7E51F043989001DF748 /* HorizontalSliderCells.swift */ = {isa = PBXFileReference; fileEncoding = 4; lastKnownFileType = sourcecode.swift; path = HorizontalSliderCells.swift; sourceTree = "<group>"; };
		3EB2A7E71F043BBE001DF748 /* TickedSliderCells.swift */ = {isa = PBXFileReference; fileEncoding = 4; lastKnownFileType = sourcecode.swift; path = TickedSliderCells.swift; sourceTree = "<group>"; };
		3EB2A7E91F04424E001DF748 /* ItemDisplayingPopupMenuCell.swift */ = {isa = PBXFileReference; fileEncoding = 4; lastKnownFileType = sourcecode.swift; path = ItemDisplayingPopupMenuCell.swift; sourceTree = "<group>"; };
		3EB2A7EB1F04508B001DF748 /* EQPopupMenuCell.swift */ = {isa = PBXFileReference; fileEncoding = 4; lastKnownFileType = sourcecode.swift; path = EQPopupMenuCell.swift; sourceTree = "<group>"; };
		3EB2A7ED1F04697E001DF748 /* GraphicsUtils.swift */ = {isa = PBXFileReference; fileEncoding = 4; lastKnownFileType = sourcecode.swift; path = GraphicsUtils.swift; sourceTree = "<group>"; };
		3EC593971F28A0C600153D34 /* RangeSlider.swift */ = {isa = PBXFileReference; fileEncoding = 4; lastKnownFileType = sourcecode.swift; path = RangeSlider.swift; sourceTree = "<group>"; };
		3EC947AC1F5DDEA400FDBE25 /* PlaybackSequenceProtocol.swift */ = {isa = PBXFileReference; fileEncoding = 4; lastKnownFileType = sourcecode.swift; path = PlaybackSequenceProtocol.swift; sourceTree = "<group>"; };
		3EC947AE1F5DDEB100FDBE25 /* PlaylistProtocols.swift */ = {isa = PBXFileReference; fileEncoding = 4; lastKnownFileType = sourcecode.swift; path = PlaylistProtocols.swift; sourceTree = "<group>"; };
		3EC947B01F5DDECC00FDBE25 /* PlaylistAccessorDelegateProtocol.swift */ = {isa = PBXFileReference; fileEncoding = 4; lastKnownFileType = sourcecode.swift; path = PlaylistAccessorDelegateProtocol.swift; sourceTree = "<group>"; };
		3ECCEE641F41158000858331 /* PrefsTabButtonCell.swift */ = {isa = PBXFileReference; fileEncoding = 4; lastKnownFileType = sourcecode.swift; path = PrefsTabButtonCell.swift; sourceTree = "<group>"; };
		3ECFE5521F5FD8F100D96BE2 /* PlaylistMutatorDelegate.swift */ = {isa = PBXFileReference; fileEncoding = 4; lastKnownFileType = sourcecode.swift; path = PlaylistMutatorDelegate.swift; sourceTree = "<group>"; };
		3ED5264E1F2FA27200001A97 /* PlaylistChangeListener.swift */ = {isa = PBXFileReference; fileEncoding = 4; lastKnownFileType = sourcecode.swift; path = PlaylistChangeListener.swift; sourceTree = "<group>"; };
		3ED526501F3003A800001A97 /* ObjectGraph.swift */ = {isa = PBXFileReference; fileEncoding = 4; lastKnownFileType = sourcecode.swift; path = ObjectGraph.swift; sourceTree = "<group>"; };
		3EEACA051F5E8615003A2140 /* NowPlayingViewController.swift */ = {isa = PBXFileReference; fileEncoding = 4; lastKnownFileType = sourcecode.swift; path = NowPlayingViewController.swift; sourceTree = "<group>"; };
		3EF5A54D1F40388E00C5A2D2 /* PreferencesPopupMenuCell.swift */ = {isa = PBXFileReference; fileEncoding = 4; lastKnownFileType = sourcecode.swift; path = PreferencesPopupMenuCell.swift; sourceTree = "<group>"; };
		3EF5A54F1F403D2500C5A2D2 /* StartupPreferences.swift */ = {isa = PBXFileReference; fileEncoding = 4; lastKnownFileType = sourcecode.swift; path = StartupPreferences.swift; sourceTree = "<group>"; };
		3EFC506A1F607B530032BE21 /* PlaylistDelegate.swift */ = {isa = PBXFileReference; fileEncoding = 4; lastKnownFileType = sourcecode.swift; path = PlaylistDelegate.swift; sourceTree = "<group>"; };
		3EFC506C1F607D4A0032BE21 /* PlaybackInfoDelegateProtocol.swift */ = {isa = PBXFileReference; fileEncoding = 4; lastKnownFileType = sourcecode.swift; path = PlaybackInfoDelegateProtocol.swift; sourceTree = "<group>"; };
		3EFFE6B81F036E81003728BD /* PlaylistIO.swift */ = {isa = PBXFileReference; fileEncoding = 4; lastKnownFileType = sourcecode.swift; path = PlaylistIO.swift; sourceTree = "<group>"; };
		3EFFE6BA1F0372B3003728BD /* TrackIO.swift */ = {isa = PBXFileReference; fileEncoding = 4; lastKnownFileType = sourcecode.swift; path = TrackIO.swift; sourceTree = "<group>"; };
		3EFFE6BD1F0381FA003728BD /* EQPresets.swift */ = {isa = PBXFileReference; fileEncoding = 4; lastKnownFileType = sourcecode.swift; path = EQPresets.swift; sourceTree = "<group>"; };
/* End PBXFileReference section */

/* Begin PBXFrameworksBuildPhase section */
		3E85F2531EFA78D6007BE830 /* Frameworks */ = {
			isa = PBXFrameworksBuildPhase;
			buildActionMask = 2147483647;
			files = (
			);
			runOnlyForDeploymentPostprocessing = 0;
		};
/* End PBXFrameworksBuildPhase section */

/* Begin PBXGroup section */
		3E2D9E411F662B8D0020B99E /* Player */ = {
			isa = PBXGroup;
			children = (
				3E1CF7EE1F5CBA9300613724 /* PlayerProtocol.swift */,
				3E426F7D1EFDD9CF002F5F18 /* Player.swift */,
				3E2BDC4C1F0DE1C00099FDB7 /* BufferManager.swift */,
				3E09C6B41F2EE70C007BB489 /* PlaybackSession.swift */,
				3E6B56C71F3A8C1E00B03E5C /* SchedulingSession.swift */,
			);
			name = Player;
			sourceTree = "<group>";
		};
		3E2D9E421F662BB90020B99E /* Recorder */ = {
			isa = PBXGroup;
			children = (
				3E1CF7F01F5CBAA300613724 /* RecorderProtocol.swift */,
				3E9A575D1F21F778007546A2 /* Recorder.swift */,
				3E23D6581F32887E00DBF426 /* RecordingInfo.swift */,
				3E822B371F21DCF20006CDBC /* RecordingFormat.swift */,
			);
			name = Recorder;
			sourceTree = "<group>";
		};
		3E2D9E431F664B860020B99E /* Preferences */ = {
			isa = PBXGroup;
			children = (
				3E33B4A31F3F08B8005EF359 /* Preferences.swift */,
				3EF5A54F1F403D2500C5A2D2 /* StartupPreferences.swift */,
				3E85FF9E1F40DE3F00A21B0D /* AutoplayPreferences.swift */,
			);
			name = Preferences;
			sourceTree = "<group>";
		};
		3E2D9E441F664C000020B99E /* ButtonCells */ = {
			isa = PBXGroup;
			children = (
				3E9463961F29960F00A9019C /* EffectsUnitButtonCell.swift */,
				3E46F55B1F2A7A36007CD384 /* CheckRadioButtonCell.swift */,
				3E46F55D1F2A8003007CD384 /* ColoredNavigationButtonCell.swift */,
				3E46F55F1F2A88D1007CD384 /* ModalDialogResponseButtonCell.swift */,
				3ECCEE641F41158000858331 /* PrefsTabButtonCell.swift */,
			);
			name = ButtonCells;
			sourceTree = "<group>";
		};
		3E3C20A41F0A3CE100AF5A62 /* AudioGraph */ = {
			isa = PBXGroup;
			children = (
				3E1CF7EC1F5CBA2500613724 /* AudioGraphProtocols.swift */,
				3E1CF7F21F5CBAD500613724 /* AudioGraph.swift */,
				3E633C461F14C6530040ECBC /* MultiBandStopFilterNode.swift */,
				3E633C481F14C9110040ECBC /* ParametricEQNode.swift */,
				3E551B861F10801100354DE2 /* AudioEngineHelper.swift */,
				3EFFE6BD1F0381FA003728BD /* EQPresets.swift */,
				3E047B0D1F01436700ADE0F1 /* ReverbPresets.swift */,
			);
			name = AudioGraph;
			sourceTree = "<group>";
		};
		3E3D48991F464BEC004C0F91 /* Errors */ = {
			isa = PBXGroup;
			children = (
				3E3D489A1F464C02004C0F91 /* Errors.swift */,
			);
			name = Errors;
			sourceTree = "<group>";
		};
		3E5FA43F1EFFF039001669C5 /* Views */ = {
			isa = PBXGroup;
			children = (
				3EACF1541F19B8F800E62D33 /* CollapsibleView.swift */,
				3EF4F86A1F2079D700C45840 /* Playlist */,
				3EF4F8691F2079B200C45840 /* DetailedTrackInfo */,
				3EF4F86B1F2079F000C45840 /* Sliders */,
				3EF4F86C1F207A0B00C45840 /* PopupMenuCells */,
				3E2D9E441F664C000020B99E /* ButtonCells */,
				3E46F5631F2A918B007CD384 /* ColoredCursorSearchField.swift */,
			);
			name = Views;
			sourceTree = "<group>";
		};
		3E72FCC41F2C0A780020FD20 /* Documentation */ = {
			isa = PBXGroup;
			children = (
				3E72FCC51F2C0A780020FD20 /* Developer-readme.rtf */,
				3E72FCC61F2C0A780020FD20 /* Developer-TODOs.rtf */,
				3EA5C7A21F458EB400556669 /* UserGuide.pdf */,
			);
			path = Documentation;
			sourceTree = "<group>";
		};
		3E76D9BD1F0F6B2B007FF3F8 /* Concurrency */ = {
			isa = PBXGroup;
			children = (
				3E40A9841F0617BC00A66856 /* ScheduledTaskExecutor.swift */,
			);
			name = Concurrency;
			sourceTree = "<group>";
		};
		3E84F8441F5FBFF90010BCDA /* PlaybackSequence */ = {
			isa = PBXGroup;
			children = (
				3EC947AC1F5DDEA400FDBE25 /* PlaybackSequenceProtocol.swift */,
				3E09C6BA1F2F388B007BB489 /* PlaybackSequence.swift */,
				3E09C6B61F2F25A7007BB489 /* ShuffleSequence.swift */,
				3E9796801F00BA3000690DA2 /* RepeatMode.swift */,
				3E9796821F00BA5A00690DA2 /* ShuffleMode.swift */,
			);
			name = PlaybackSequence;
			sourceTree = "<group>";
		};
		3E85F24D1EFA78D6007BE830 = {
			isa = PBXGroup;
			children = (
				3E85F2581EFA78D6007BE830 /* Aural */,
				3E72FCC41F2C0A780020FD20 /* Documentation */,
				3E85F2571EFA78D6007BE830 /* Products */,
			);
			sourceTree = "<group>";
		};
		3E85F2571EFA78D6007BE830 /* Products */ = {
			isa = PBXGroup;
			children = (
				3E85F2561EFA78D6007BE830 /* Aural.app */,
			);
			name = Products;
			sourceTree = "<group>";
		};
		3E85F2581EFA78D6007BE830 /* Aural */ = {
			isa = PBXGroup;
			children = (
				3E85F2591EFA78D6007BE830 /* AppDelegate.swift */,
				3ED526501F3003A800001A97 /* ObjectGraph.swift */,
				3E3C20A71F0A697800AF5A62 /* AppConstants.swift */,
				3E76D9BB1F0F4228007FF3F8 /* AppDefaults.swift */,
				3EA262671F0EFD9600D9BCD9 /* UI */,
				3E9847871F5CFD52001A2D28 /* Delegates */,
				3E98477F1F5CF0E6001A2D28 /* Playlist */,
				3E84F8441F5FBFF90010BCDA /* PlaybackSequence */,
				3E3C20A41F0A3CE100AF5A62 /* AudioGraph */,
				3E2D9E411F662B8D0020B99E /* Player */,
				3E2D9E421F662BB90020B99E /* Recorder */,
				3EA29AD61F0B473600DA239E /* Messaging */,
				3ED2AF201F00E8B7000F702C /* AppState */,
				3E2D9E431F664B860020B99E /* Preferences */,
				3EFFE6BC1F0373B7003728BD /* IO */,
				3EB20B4F1EFF2C5F008138A4 /* Utils */,
				3E85F25B1EFA78D6007BE830 /* Assets.xcassets */,
				3E85F25D1EFA78D6007BE830 /* MainMenu.xib */,
				3E85F2601EFA78D6007BE830 /* Info.plist */,
			);
			path = Aural;
			sourceTree = "<group>";
		};
		3E98477F1F5CF0E6001A2D28 /* Playlist */ = {
			isa = PBXGroup;
			children = (
				3E97967C1F00286200690DA2 /* Track.swift */,
				3EC947AE1F5DDEB100FDBE25 /* PlaylistProtocols.swift */,
				3E1D93511F626BF9008AC59E /* Playlist.swift */,
				3ED5264E1F2FA27200001A97 /* PlaylistChangeListener.swift */,
				3E864ADC1F25E289006A7626 /* SearchResults.swift */,
				3E0012291F26A5100059B2D0 /* SearchQuery.swift */,
				3E3BAF231F274771008F090E /* Sort.swift */,
				3EA074AB1F3DBBB0005F8966 /* SavedPlaylist.swift */,
			);
			name = Playlist;
			sourceTree = "<group>";
		};
		3E9847801F5CF22C001A2D28 /* Controllers */ = {
			isa = PBXGroup;
			children = (
				3EEACA051F5E8615003A2140 /* NowPlayingViewController.swift */,
				3E7C6FFF1F5F45F00035AEF2 /* PlaybackViewController.swift */,
				3E3AD5491F5D2FD5006123E9 /* PlaylistViewController.swift */,
				3E9212B81F5D3DD300D058FD /* PlaylistSearchViewController.swift */,
				3E9212BA1F5D404F00D058FD /* PlaylistSortViewController.swift */,
				3E98478C1F5D0419001A2D28 /* AudioGraphViewController.swift */,
				3E9847851F5CFCE3001A2D28 /* RecorderViewController.swift */,
				3E9847831F5CF3F6001A2D28 /* PreferencesViewController.swift */,
				3E3AD5431F5D230C006123E9 /* WindowViewController.swift */,
				3E9847811F5CF23D001A2D28 /* HelpViewController.swift */,
			);
			name = Controllers;
			sourceTree = "<group>";
		};
		3E9847871F5CFD52001A2D28 /* Delegates */ = {
			isa = PBXGroup;
			children = (
				3EC947B01F5DDECC00FDBE25 /* PlaylistAccessorDelegateProtocol.swift */,
				3E84F8451F5FC0CD0010BCDA /* PlaylistMutatorDelegateProtocol.swift */,
				3E864ADA1F25C81B006A7626 /* PlaylistDelegateProtocol.swift */,
				3E84F8401F5FBE8F0010BCDA /* PlaylistAccessorDelegate.swift */,
				3ECFE5521F5FD8F100D96BE2 /* PlaylistMutatorDelegate.swift */,
				3EFC506A1F607B530032BE21 /* PlaylistDelegate.swift */,
				3EFC506C1F607D4A0032BE21 /* PlaybackInfoDelegateProtocol.swift */,
				3E84F83E1F5FBB260010BCDA /* PlaybackDelegateProtocol.swift */,
				3E84F8471F5FC58D0010BCDA /* PlaybackDelegate.swift */,
				3E98478E1F5D04E7001A2D28 /* AudioGraphDelegateProtocol.swift */,
				3E9847901F5D0512001A2D28 /* AudioGraphDelegate.swift */,
				3E98478A1F5CFD87001A2D28 /* RecorderDelegateProtocol.swift */,
				3E9847881F5CFD62001A2D28 /* RecorderDelegate.swift */,
			);
			name = Delegates;
			sourceTree = "<group>";
		};
		3EA262671F0EFD9600D9BCD9 /* UI */ = {
			isa = PBXGroup;
			children = (
				3E9847801F5CF22C001A2D28 /* Controllers */,
				3E5FA43F1EFFF039001669C5 /* Views */,
				3E58CC261F025B0D00C36DC1 /* Colors.swift */,
				3E6D75F71EFF79E0007F22A3 /* KeyPressHandler.swift */,
				3E4BBA5B1F030E5B0025F371 /* UIConstants.swift */,
				3E3C20A51F0A687400AF5A62 /* UIElements.swift */,
			);
			name = UI;
			sourceTree = "<group>";
		};
		3EA29AD61F0B473600DA239E /* Messaging */ = {
			isa = PBXGroup;
			children = (
				3E3DCD241F0F913800E09ADC /* AsyncMessages.swift */,
				3EA29AD41F0B470600DA239E /* AsyncMessenger.swift */,
				3E3AD5471F5D2BEC006123E9 /* SyncMessages.swift */,
				3E3AD5451F5D2BD1006123E9 /* SyncMessenger.swift */,
			);
			name = Messaging;
			sourceTree = "<group>";
		};
		3EB20B4F1EFF2C5F008138A4 /* Utils */ = {
			isa = PBXGroup;
			children = (
				3E80E66E1F04FA60007480CC /* Size.swift */,
				3E80E6711F04FA7C007480CC /* SizeUnit.swift */,
				3E76D9BD1F0F6B2B007FF3F8 /* Concurrency */,
				3EB2A7ED1F04697E001DF748 /* GraphicsUtils.swift */,
				3E426F7F1EFDDDEE002F5F18 /* Utils.swift */,
				3E33B49D1F3E70F4005EF359 /* FileSystemUtils.swift */,
				3EDBF76E1F0339B60088574B /* Testing */,
				3E7B61E51F31AB1800F269F0 /* ValueFormatter.swift */,
				3E9871A11F418CB1009AE9E6 /* UIUtils.swift */,
			);
			name = Utils;
			sourceTree = "<group>";
		};
		3ED2AF201F00E8B7000F702C /* AppState */ = {
			isa = PBXGroup;
			children = (
				3E426F811EFDEEBE002F5F18 /* PlaybackState.swift */,
				3EB20B4A1EFF25EC008138A4 /* AppState.swift */,
				3E911CEE1F441BE1009C1572 /* UIAppState.swift */,
			);
			name = AppState;
			sourceTree = "<group>";
		};
		3EDBF76E1F0339B60088574B /* Testing */ = {
			isa = PBXGroup;
			children = (
				3E58CC281F02759D00C36DC1 /* Timer.swift */,
				3E58CC2A1F0275B200C36DC1 /* TimerUtils.swift */,
			);
			name = Testing;
			sourceTree = "<group>";
		};
		3EF4F8691F2079B200C45840 /* DetailedTrackInfo */ = {
			isa = PBXGroup;
			children = (
				3E2188A51F0767290085BAB3 /* TrackInfoView.swift */,
				3E2188A71F0771390085BAB3 /* PopoverViewController.swift */,
				3E2188AB1F0781970085BAB3 /* PopoverViewController.xib */,
				3E46F5651F2ABA57007CD384 /* PopoverContentView.swift */,
				3E2D9E451F6670E20020B99E /* PopoverViewDelegateProtocol.swift */,
			);
			name = DetailedTrackInfo;
			sourceTree = "<group>";
		};
		3EF4F86A1F2079D700C45840 /* Playlist */ = {
			isa = PBXGroup;
			children = (
				3E722F7A1EFCF4EC00916BF2 /* PlaylistTableViewController.swift */,
			);
			name = Playlist;
			sourceTree = "<group>";
		};
		3EF4F86B1F2079F000C45840 /* Sliders */ = {
			isa = PBXGroup;
			children = (
				3EC593971F28A0C600153D34 /* RangeSlider.swift */,
				3EB2A7E31F0436D5001DF748 /* EQSliderCell.swift */,
				3EB2A7E51F043989001DF748 /* HorizontalSliderCells.swift */,
				3EB2A7E71F043BBE001DF748 /* TickedSliderCells.swift */,
			);
			name = Sliders;
			sourceTree = "<group>";
		};
		3EF4F86C1F207A0B00C45840 /* PopupMenuCells */ = {
			isa = PBXGroup;
			children = (
				3EB2A7E91F04424E001DF748 /* ItemDisplayingPopupMenuCell.swift */,
				3EB2A7EB1F04508B001DF748 /* EQPopupMenuCell.swift */,
				3EF5A54D1F40388E00C5A2D2 /* PreferencesPopupMenuCell.swift */,
			);
			name = PopupMenuCells;
			sourceTree = "<group>";
		};
		3EFFE6BC1F0373B7003728BD /* IO */ = {
			isa = PBXGroup;
			children = (
				3E3D48991F464BEC004C0F91 /* Errors */,
				3EB20B481EFF230C008138A4 /* AppStateIO.swift */,
				3EFFE6B81F036E81003728BD /* PlaylistIO.swift */,
				3EFFE6BA1F0372B3003728BD /* TrackIO.swift */,
			);
			name = IO;
			sourceTree = "<group>";
		};
/* End PBXGroup section */

/* Begin PBXNativeTarget section */
		3E85F2551EFA78D6007BE830 /* Aural */ = {
			isa = PBXNativeTarget;
			buildConfigurationList = 3E85F2631EFA78D6007BE830 /* Build configuration list for PBXNativeTarget "Aural" */;
			buildPhases = (
				3E85F2521EFA78D6007BE830 /* Sources */,
				3E85F2531EFA78D6007BE830 /* Frameworks */,
				3E85F2541EFA78D6007BE830 /* Resources */,
			);
			buildRules = (
			);
			dependencies = (
			);
			name = Aural;
			productName = Aural;
			productReference = 3E85F2561EFA78D6007BE830 /* Aural.app */;
			productType = "com.apple.product-type.application";
		};
/* End PBXNativeTarget section */

/* Begin PBXProject section */
		3E85F24E1EFA78D6007BE830 /* Project object */ = {
			isa = PBXProject;
			attributes = {
				LastUpgradeCheck = 0830;
				ORGANIZATIONNAME = Anonymous;
				TargetAttributes = {
					3E85F2551EFA78D6007BE830 = {
						CreatedOnToolsVersion = 7.0;
						DevelopmentTeam = C4YUF2G676;
						LastSwiftMigration = 0830;
					};
				};
			};
			buildConfigurationList = 3E85F2511EFA78D6007BE830 /* Build configuration list for PBXProject "Aural" */;
			compatibilityVersion = "Xcode 3.2";
			developmentRegion = English;
			hasScannedForEncodings = 0;
			knownRegions = (
				en,
				Base,
			);
			mainGroup = 3E85F24D1EFA78D6007BE830;
			productRefGroup = 3E85F2571EFA78D6007BE830 /* Products */;
			projectDirPath = "";
			projectRoot = "";
			targets = (
				3E85F2551EFA78D6007BE830 /* Aural */,
			);
		};
/* End PBXProject section */

/* Begin PBXResourcesBuildPhase section */
		3E85F2541EFA78D6007BE830 /* Resources */ = {
			isa = PBXResourcesBuildPhase;
			buildActionMask = 2147483647;
			files = (
				3E85F25C1EFA78D6007BE830 /* Assets.xcassets in Resources */,
				3EA5C7A31F458EB400556669 /* UserGuide.pdf in Resources */,
				3E2188AC1F0781970085BAB3 /* PopoverViewController.xib in Resources */,
				3E85F25F1EFA78D6007BE830 /* MainMenu.xib in Resources */,
			);
			runOnlyForDeploymentPostprocessing = 0;
		};
/* End PBXResourcesBuildPhase section */

/* Begin PBXSourcesBuildPhase section */
		3E85F2521EFA78D6007BE830 /* Sources */ = {
			isa = PBXSourcesBuildPhase;
			buildActionMask = 2147483647;
			files = (
				3E864ADB1F25C81B006A7626 /* PlaylistDelegateProtocol.swift in Sources */,
				3E80E6721F04FA7C007480CC /* SizeUnit.swift in Sources */,
				3E551B871F10801100354DE2 /* AudioEngineHelper.swift in Sources */,
				3E2188A61F0767290085BAB3 /* TrackInfoView.swift in Sources */,
				3E58CC2B1F0275B200C36DC1 /* TimerUtils.swift in Sources */,
				3E2188A81F0771390085BAB3 /* PopoverViewController.swift in Sources */,
				3EF5A5501F403D2500C5A2D2 /* StartupPreferences.swift in Sources */,
				3E9847821F5CF23D001A2D28 /* HelpViewController.swift in Sources */,
				3E4BBA5C1F030E5B0025F371 /* UIConstants.swift in Sources */,
				3E33B49E1F3E70F4005EF359 /* FileSystemUtils.swift in Sources */,
				3E80E66F1F04FA60007480CC /* Size.swift in Sources */,
				3E633C491F14C9110040ECBC /* ParametricEQNode.swift in Sources */,
				3E84F8481F5FC58D0010BCDA /* PlaybackDelegate.swift in Sources */,
				3E426F801EFDDDEE002F5F18 /* Utils.swift in Sources */,
				3E2D9E461F6670E20020B99E /* PopoverViewDelegateProtocol.swift in Sources */,
				3EC947AF1F5DDEB100FDBE25 /* PlaylistProtocols.swift in Sources */,
				3E1CF7EF1F5CBA9300613724 /* PlayerProtocol.swift in Sources */,
				3E85F25A1EFA78D6007BE830 /* AppDelegate.swift in Sources */,
				3EF5A54E1F40388E00C5A2D2 /* PreferencesPopupMenuCell.swift in Sources */,
				3EB20B4B1EFF25EC008138A4 /* AppState.swift in Sources */,
				3EFFE6BE1F0381FA003728BD /* EQPresets.swift in Sources */,
				3E84F8411F5FBE8F0010BCDA /* PlaylistAccessorDelegate.swift in Sources */,
				3E9212B91F5D3DD300D058FD /* PlaylistSearchViewController.swift in Sources */,
				3E6B56C81F3A8C1E00B03E5C /* SchedulingSession.swift in Sources */,
				3E822B381F21DCF20006CDBC /* RecordingFormat.swift in Sources */,
				3EEACA061F5E8615003A2140 /* NowPlayingViewController.swift in Sources */,
				3E3D489B1F464C02004C0F91 /* Errors.swift in Sources */,
				3E3AD54A1F5D2FD5006123E9 /* PlaylistViewController.swift in Sources */,
				3E46F5601F2A88D1007CD384 /* ModalDialogResponseButtonCell.swift in Sources */,
				3E6D75F81EFF79E0007F22A3 /* KeyPressHandler.swift in Sources */,
				3E426F7E1EFDD9CF002F5F18 /* Player.swift in Sources */,
				3E3DCD251F0F913800E09ADC /* AsyncMessages.swift in Sources */,
				3E98478F1F5D04E7001A2D28 /* AudioGraphDelegateProtocol.swift in Sources */,
				3E3BAF241F274771008F090E /* Sort.swift in Sources */,
				3EC593981F28A0C600153D34 /* RangeSlider.swift in Sources */,
				3E85FF9F1F40DE3F00A21B0D /* AutoplayPreferences.swift in Sources */,
				3E1CF7ED1F5CBA2500613724 /* AudioGraphProtocols.swift in Sources */,
				3EA29AD51F0B470600DA239E /* AsyncMessenger.swift in Sources */,
				3EB20B491EFF230C008138A4 /* AppStateIO.swift in Sources */,
				3ED526511F3003A800001A97 /* ObjectGraph.swift in Sources */,
				3E9212BB1F5D404F00D058FD /* PlaylistSortViewController.swift in Sources */,
				3E46F5661F2ABA57007CD384 /* PopoverContentView.swift in Sources */,
				3EB2A7EC1F04508B001DF748 /* EQPopupMenuCell.swift in Sources */,
				3E3AD5461F5D2BD1006123E9 /* SyncMessenger.swift in Sources */,
				3E46F5641F2A918B007CD384 /* ColoredCursorSearchField.swift in Sources */,
				3ECCEE651F41158000858331 /* PrefsTabButtonCell.swift in Sources */,
				3E58CC291F02759D00C36DC1 /* Timer.swift in Sources */,
				3E46F55E1F2A8003007CD384 /* ColoredNavigationButtonCell.swift in Sources */,
				3E9847861F5CFCE3001A2D28 /* RecorderViewController.swift in Sources */,
				3E722F7B1EFCF4EC00916BF2 /* PlaylistTableViewController.swift in Sources */,
				3E76D9BC1F0F4228007FF3F8 /* AppDefaults.swift in Sources */,
				3EB2A7EA1F04424E001DF748 /* ItemDisplayingPopupMenuCell.swift in Sources */,
				3E97967D1F00286200690DA2 /* Track.swift in Sources */,
				3EFFE6B91F036E81003728BD /* PlaylistIO.swift in Sources */,
				3E3AD5481F5D2BEC006123E9 /* SyncMessages.swift in Sources */,
				3EC947AD1F5DDEA400FDBE25 /* PlaybackSequenceProtocol.swift in Sources */,
				3E047B0E1F01436700ADE0F1 /* ReverbPresets.swift in Sources */,
				3E9847891F5CFD62001A2D28 /* RecorderDelegate.swift in Sources */,
				3E33B4A41F3F08B8005EF359 /* Preferences.swift in Sources */,
				3E98478D1F5D0419001A2D28 /* AudioGraphViewController.swift in Sources */,
				3E9847911F5D0512001A2D28 /* AudioGraphDelegate.swift in Sources */,
				3E84F83F1F5FBB260010BCDA /* PlaybackDelegateProtocol.swift in Sources */,
				3E9463971F29960F00A9019C /* EffectsUnitButtonCell.swift in Sources */,
				3E09C6BB1F2F388B007BB489 /* PlaybackSequence.swift in Sources */,
				3E911CEF1F441BE1009C1572 /* UIAppState.swift in Sources */,
				3E9871A21F418CB1009AE9E6 /* UIUtils.swift in Sources */,
				3E09C6B71F2F25A7007BB489 /* ShuffleSequence.swift in Sources */,
				3EA074AC1F3DBBB0005F8966 /* SavedPlaylist.swift in Sources */,
				3E98478B1F5CFD87001A2D28 /* RecorderDelegateProtocol.swift in Sources */,
				3E7B61E61F31AB1800F269F0 /* ValueFormatter.swift in Sources */,
				3E2BDC4D1F0DE1C00099FDB7 /* BufferManager.swift in Sources */,
				3E84F8461F5FC0CD0010BCDA /* PlaylistMutatorDelegateProtocol.swift in Sources */,
				3ED5264F1F2FA27200001A97 /* PlaylistChangeListener.swift in Sources */,
				3E426F821EFDEEBE002F5F18 /* PlaybackState.swift in Sources */,
				3EB2A7E41F0436D5001DF748 /* EQSliderCell.swift in Sources */,
				3EFC506D1F607D4A0032BE21 /* PlaybackInfoDelegateProtocol.swift in Sources */,
				3E9796831F00BA5A00690DA2 /* ShuffleMode.swift in Sources */,
				3E7C70001F5F45F00035AEF2 /* PlaybackViewController.swift in Sources */,
				3E3C20A61F0A687400AF5A62 /* UIElements.swift in Sources */,
				3E40A9851F0617BC00A66856 /* ScheduledTaskExecutor.swift in Sources */,
				3E23D6591F32887E00DBF426 /* RecordingInfo.swift in Sources */,
				3E46F55C1F2A7A36007CD384 /* CheckRadioButtonCell.swift in Sources */,
				3E633C471F14C6530040ECBC /* MultiBandStopFilterNode.swift in Sources */,
				3E9847841F5CF3F6001A2D28 /* PreferencesViewController.swift in Sources */,
				3E1CF7F11F5CBAA300613724 /* RecorderProtocol.swift in Sources */,
				3E3AD5441F5D230C006123E9 /* WindowViewController.swift in Sources */,
				3E1CF7F31F5CBAD500613724 /* AudioGraph.swift in Sources */,
				3E864ADD1F25E289006A7626 /* SearchResults.swift in Sources */,
				3E9A575E1F21F778007546A2 /* Recorder.swift in Sources */,
				3EACF1551F19B8F800E62D33 /* CollapsibleView.swift in Sources */,
				3E1D93521F626BF9008AC59E /* Playlist.swift in Sources */,
				3E00122A1F26A5100059B2D0 /* SearchQuery.swift in Sources */,
				3ECFE5531F5FD8F100D96BE2 /* PlaylistMutatorDelegate.swift in Sources */,
				3EFC506B1F607B530032BE21 /* PlaylistDelegate.swift in Sources */,
				3EB2A7E61F043989001DF748 /* HorizontalSliderCells.swift in Sources */,
				3E58CC271F025B0D00C36DC1 /* Colors.swift in Sources */,
				3E09C6B51F2EE70C007BB489 /* PlaybackSession.swift in Sources */,
				3EC947B11F5DDECC00FDBE25 /* PlaylistAccessorDelegateProtocol.swift in Sources */,
				3E3C20A81F0A697800AF5A62 /* AppConstants.swift in Sources */,
				3EB2A7EE1F04697E001DF748 /* GraphicsUtils.swift in Sources */,
				3E9796811F00BA3000690DA2 /* RepeatMode.swift in Sources */,
				3EB2A7E81F043BBE001DF748 /* TickedSliderCells.swift in Sources */,
				3EFFE6BB1F0372B3003728BD /* TrackIO.swift in Sources */,
			);
			runOnlyForDeploymentPostprocessing = 0;
		};
/* End PBXSourcesBuildPhase section */

/* Begin PBXVariantGroup section */
		3E85F25D1EFA78D6007BE830 /* MainMenu.xib */ = {
			isa = PBXVariantGroup;
			children = (
				3E85F25E1EFA78D6007BE830 /* Base */,
			);
			name = "\U001bMainMenu.xib";
			sourceTree = "<group>";
		};
/* End PBXVariantGroup section */

/* Begin XCBuildConfiguration section */
		3E85F2611EFA78D6007BE830 /* Debug */ = {
			isa = XCBuildConfiguration;
			buildSettings = {
				ALWAYS_SEARCH_USER_PATHS = NO;
				CLANG_CXX_LANGUAGE_STANDARD = "gnu++0x";
				CLANG_CXX_LIBRARY = "libc++";
				CLANG_ENABLE_MODULES = YES;
				CLANG_ENABLE_OBJC_ARC = YES;
				CLANG_WARN_BOOL_CONVERSION = YES;
				CLANG_WARN_CONSTANT_CONVERSION = YES;
				CLANG_WARN_DIRECT_OBJC_ISA_USAGE = YES_ERROR;
				CLANG_WARN_EMPTY_BODY = YES;
				CLANG_WARN_ENUM_CONVERSION = YES;
				CLANG_WARN_INFINITE_RECURSION = YES;
				CLANG_WARN_INT_CONVERSION = YES;
				CLANG_WARN_OBJC_ROOT_CLASS = YES_ERROR;
				CLANG_WARN_SUSPICIOUS_MOVE = YES;
				CLANG_WARN_UNREACHABLE_CODE = YES;
				CLANG_WARN__DUPLICATE_METHOD_MATCH = YES;
				CODE_SIGN_IDENTITY = "-";
				COPY_PHASE_STRIP = NO;
				DEBUG_INFORMATION_FORMAT = dwarf;
				ENABLE_STRICT_OBJC_MSGSEND = YES;
				ENABLE_TESTABILITY = YES;
				GCC_C_LANGUAGE_STANDARD = gnu99;
				GCC_DYNAMIC_NO_PIC = NO;
				GCC_NO_COMMON_BLOCKS = YES;
				GCC_OPTIMIZATION_LEVEL = 0;
				GCC_PREPROCESSOR_DEFINITIONS = (
					"DEBUG=1",
					"$(inherited)",
				);
				GCC_WARN_64_TO_32_BIT_CONVERSION = YES;
				GCC_WARN_ABOUT_RETURN_TYPE = YES_ERROR;
				GCC_WARN_UNDECLARED_SELECTOR = YES;
				GCC_WARN_UNINITIALIZED_AUTOS = YES_AGGRESSIVE;
				GCC_WARN_UNUSED_FUNCTION = YES;
				GCC_WARN_UNUSED_VARIABLE = YES;
				MACOSX_DEPLOYMENT_TARGET = 10.10;
				MTL_ENABLE_DEBUG_INFO = YES;
				ONLY_ACTIVE_ARCH = YES;
				SDKROOT = macosx;
				SWIFT_OPTIMIZATION_LEVEL = "-Onone";
			};
			name = Debug;
		};
		3E85F2621EFA78D6007BE830 /* Release */ = {
			isa = XCBuildConfiguration;
			buildSettings = {
				ALWAYS_SEARCH_USER_PATHS = NO;
				CLANG_CXX_LANGUAGE_STANDARD = "gnu++0x";
				CLANG_CXX_LIBRARY = "libc++";
				CLANG_ENABLE_MODULES = YES;
				CLANG_ENABLE_OBJC_ARC = YES;
				CLANG_WARN_BOOL_CONVERSION = YES;
				CLANG_WARN_CONSTANT_CONVERSION = YES;
				CLANG_WARN_DIRECT_OBJC_ISA_USAGE = YES_ERROR;
				CLANG_WARN_EMPTY_BODY = YES;
				CLANG_WARN_ENUM_CONVERSION = YES;
				CLANG_WARN_INFINITE_RECURSION = YES;
				CLANG_WARN_INT_CONVERSION = YES;
				CLANG_WARN_OBJC_ROOT_CLASS = YES_ERROR;
				CLANG_WARN_SUSPICIOUS_MOVE = YES;
				CLANG_WARN_UNREACHABLE_CODE = YES;
				CLANG_WARN__DUPLICATE_METHOD_MATCH = YES;
				CODE_SIGN_IDENTITY = "-";
				COPY_PHASE_STRIP = NO;
				DEBUG_INFORMATION_FORMAT = "dwarf-with-dsym";
				ENABLE_NS_ASSERTIONS = NO;
				ENABLE_STRICT_OBJC_MSGSEND = YES;
				GCC_C_LANGUAGE_STANDARD = gnu99;
				GCC_NO_COMMON_BLOCKS = YES;
				GCC_WARN_64_TO_32_BIT_CONVERSION = YES;
				GCC_WARN_ABOUT_RETURN_TYPE = YES_ERROR;
				GCC_WARN_UNDECLARED_SELECTOR = YES;
				GCC_WARN_UNINITIALIZED_AUTOS = YES_AGGRESSIVE;
				GCC_WARN_UNUSED_FUNCTION = YES;
				GCC_WARN_UNUSED_VARIABLE = YES;
				MACOSX_DEPLOYMENT_TARGET = 10.10;
				MTL_ENABLE_DEBUG_INFO = NO;
				SDKROOT = macosx;
				SWIFT_OPTIMIZATION_LEVEL = "-Owholemodule";
			};
			name = Release;
		};
		3E85F2641EFA78D6007BE830 /* Debug */ = {
			isa = XCBuildConfiguration;
			buildSettings = {
				ASSETCATALOG_COMPILER_APPICON_NAME = AppIcon;
				COMBINE_HIDPI_IMAGES = YES;
				DEAD_CODE_STRIPPING = YES;
				FRAMEWORK_SEARCH_PATHS = "";
				INFOPLIST_FILE = Aural/Info.plist;
				LD_RUNPATH_SEARCH_PATHS = "$(inherited) @executable_path/../Frameworks";
				MACOSX_DEPLOYMENT_TARGET = 10.10;
				PRODUCT_BUNDLE_IDENTIFIER = anon.Aural;
				PRODUCT_NAME = "$(TARGET_NAME)";
				SWIFT_VERSION = 3.0;
				SYSTEM_FRAMEWORK_SEARCH_PATHS = "";
			};
			name = Debug;
		};
		3E85F2651EFA78D6007BE830 /* Release */ = {
			isa = XCBuildConfiguration;
			buildSettings = {
				ASSETCATALOG_COMPILER_APPICON_NAME = AppIcon;
				COMBINE_HIDPI_IMAGES = YES;
				DEAD_CODE_STRIPPING = YES;
				FRAMEWORK_SEARCH_PATHS = "";
				INFOPLIST_FILE = Aural/Info.plist;
				LD_RUNPATH_SEARCH_PATHS = "$(inherited) @executable_path/../Frameworks";
				MACOSX_DEPLOYMENT_TARGET = 10.10;
				PRODUCT_BUNDLE_IDENTIFIER = anon.Aural;
				PRODUCT_NAME = "$(TARGET_NAME)";
				SWIFT_VERSION = 3.0;
				SYSTEM_FRAMEWORK_SEARCH_PATHS = "";
			};
			name = Release;
		};
/* End XCBuildConfiguration section */

/* Begin XCConfigurationList section */
		3E85F2511EFA78D6007BE830 /* Build configuration list for PBXProject "Aural" */ = {
			isa = XCConfigurationList;
			buildConfigurations = (
				3E85F2611EFA78D6007BE830 /* Debug */,
				3E85F2621EFA78D6007BE830 /* Release */,
			);
			defaultConfigurationIsVisible = 0;
			defaultConfigurationName = Release;
		};
		3E85F2631EFA78D6007BE830 /* Build configuration list for PBXNativeTarget "Aural" */ = {
			isa = XCConfigurationList;
			buildConfigurations = (
				3E85F2641EFA78D6007BE830 /* Debug */,
				3E85F2651EFA78D6007BE830 /* Release */,
			);
			defaultConfigurationIsVisible = 0;
			defaultConfigurationName = Release;
		};
/* End XCConfigurationList section */
	};
	rootObject = 3E85F24E1EFA78D6007BE830 /* Project object */;
}
